
Microsoft Visual Studio Solution File, Format Version 12.00
# Visual Studio Version 16
Project("{8BC9CEB8-8B4A-11D0-8D11-00A0C91BC942}") = "ALL_BUILD", "ALL_BUILD.vcxproj", "{49A0E3B4-CC55-350D-BC40-F8BB596D4FE8}"
	ProjectSection(ProjectDependencies) = postProject
		{A177C715-0A20-324C-851A-F4AF49F3BECD} = {A177C715-0A20-324C-851A-F4AF49F3BECD}
		{E308CDCB-3EA2-36C1-9B58-6EAA59DCC0D5} = {E308CDCB-3EA2-36C1-9B58-6EAA59DCC0D5}
		{7944DE27-8981-38CC-8AA1-953D95C3AF0F} = {7944DE27-8981-38CC-8AA1-953D95C3AF0F}
		{6E095C2F-9222-334C-AAB9-AF20102A83C1} = {6E095C2F-9222-334C-AAB9-AF20102A83C1}
		{09BB2A96-8583-3B01-BBD9-E48AED1CE609} = {09BB2A96-8583-3B01-BBD9-E48AED1CE609}
		{75C96D77-A095-31E7-B159-ABECBB3E6B68} = {75C96D77-A095-31E7-B159-ABECBB3E6B68}
	EndProjectSection
EndProject
Project("{8BC9CEB8-8B4A-11D0-8D11-00A0C91BC942}") = "ZERO_CHECK", "ZERO_CHECK.vcxproj", "{A177C715-0A20-324C-851A-F4AF49F3BECD}"
	ProjectSection(ProjectDependencies) = postProject
	EndProjectSection
EndProject
Project("{8BC9CEB8-8B4A-11D0-8D11-00A0C91BC942}") = "cpp", "cpp.vcxproj", "{E308CDCB-3EA2-36C1-9B58-6EAA59DCC0D5}"
	ProjectSection(ProjectDependencies) = postProject
		{A177C715-0A20-324C-851A-F4AF49F3BECD} = {A177C715-0A20-324C-851A-F4AF49F3BECD}
		{7944DE27-8981-38CC-8AA1-953D95C3AF0F} = {7944DE27-8981-38CC-8AA1-953D95C3AF0F}
		{6E095C2F-9222-334C-AAB9-AF20102A83C1} = {6E095C2F-9222-334C-AAB9-AF20102A83C1}
		{09BB2A96-8583-3B01-BBD9-E48AED1CE609} = {09BB2A96-8583-3B01-BBD9-E48AED1CE609}
		{75C96D77-A095-31E7-B159-ABECBB3E6B68} = {75C96D77-A095-31E7-B159-ABECBB3E6B68}
	EndProjectSection
EndProject
Project("{8BC9CEB8-8B4A-11D0-8D11-00A0C91BC942}") = "etc_lib", "src\etc\etc_lib.vcxproj", "{7944DE27-8981-38CC-8AA1-953D95C3AF0F}"
	ProjectSection(ProjectDependencies) = postProject
		{A177C715-0A20-324C-851A-F4AF49F3BECD} = {A177C715-0A20-324C-851A-F4AF49F3BECD}
	EndProjectSection
EndProject
Project("{8BC9CEB8-8B4A-11D0-8D11-00A0C91BC942}") = "leetcode_lib", "src\leetcode\leetcode_lib.vcxproj", "{6E095C2F-9222-334C-AAB9-AF20102A83C1}"
	ProjectSection(ProjectDependencies) = postProject
		{A177C715-0A20-324C-851A-F4AF49F3BECD} = {A177C715-0A20-324C-851A-F4AF49F3BECD}
	EndProjectSection
EndProject
Project("{8BC9CEB8-8B4A-11D0-8D11-00A0C91BC942}") = "test_lib", "src\test\test_lib.vcxproj", "{09BB2A96-8583-3B01-BBD9-E48AED1CE609}"
	ProjectSection(ProjectDependencies) = postProject
		{A177C715-0A20-324C-851A-F4AF49F3BECD} = {A177C715-0A20-324C-851A-F4AF49F3BECD}
	EndProjectSection
EndProject
Project("{8BC9CEB8-8B4A-11D0-8D11-00A0C91BC942}") = "until_lib", "src\until\until_lib.vcxproj", "{75C96D77-A095-31E7-B159-ABECBB3E6B68}"
	ProjectSection(ProjectDependencies) = postProject
		{A177C715-0A20-324C-851A-F4AF49F3BECD} = {A177C715-0A20-324C-851A-F4AF49F3BECD}
	EndProjectSection
EndProject
Global
	GlobalSection(SolutionConfigurationPlatforms) = preSolution
		Debug|x64 = Debug|x64
		Release|x64 = Release|x64
		MinSizeRel|x64 = MinSizeRel|x64
		RelWithDebInfo|x64 = RelWithDebInfo|x64
	EndGlobalSection
	GlobalSection(ProjectConfigurationPlatforms) = postSolution
		{49A0E3B4-CC55-350D-BC40-F8BB596D4FE8}.Debug|x64.ActiveCfg = Debug|x64
		{49A0E3B4-CC55-350D-BC40-F8BB596D4FE8}.Release|x64.ActiveCfg = Release|x64
		{49A0E3B4-CC55-350D-BC40-F8BB596D4FE8}.MinSizeRel|x64.ActiveCfg = MinSizeRel|x64
		{49A0E3B4-CC55-350D-BC40-F8BB596D4FE8}.RelWithDebInfo|x64.ActiveCfg = RelWithDebInfo|x64
		{A177C715-0A20-324C-851A-F4AF49F3BECD}.Debug|x64.ActiveCfg = Debug|x64
		{A177C715-0A20-324C-851A-F4AF49F3BECD}.Debug|x64.Build.0 = Debug|x64
		{A177C715-0A20-324C-851A-F4AF49F3BECD}.Release|x64.ActiveCfg = Release|x64
		{A177C715-0A20-324C-851A-F4AF49F3BECD}.Release|x64.Build.0 = Release|x64
		{A177C715-0A20-324C-851A-F4AF49F3BECD}.MinSizeRel|x64.ActiveCfg = MinSizeRel|x64
		{A177C715-0A20-324C-851A-F4AF49F3BECD}.MinSizeRel|x64.Build.0 = MinSizeRel|x64
		{A177C715-0A20-324C-851A-F4AF49F3BECD}.RelWithDebInfo|x64.ActiveCfg = RelWithDebInfo|x64
		{A177C715-0A20-324C-851A-F4AF49F3BECD}.RelWithDebInfo|x64.Build.0 = RelWithDebInfo|x64
		{E308CDCB-3EA2-36C1-9B58-6EAA59DCC0D5}.Debug|x64.ActiveCfg = Debug|x64
		{E308CDCB-3EA2-36C1-9B58-6EAA59DCC0D5}.Debug|x64.Build.0 = Debug|x64
		{E308CDCB-3EA2-36C1-9B58-6EAA59DCC0D5}.Release|x64.ActiveCfg = Release|x64
		{E308CDCB-3EA2-36C1-9B58-6EAA59DCC0D5}.Release|x64.Build.0 = Release|x64
		{E308CDCB-3EA2-36C1-9B58-6EAA59DCC0D5}.MinSizeRel|x64.ActiveCfg = MinSizeRel|x64
		{E308CDCB-3EA2-36C1-9B58-6EAA59DCC0D5}.MinSizeRel|x64.Build.0 = MinSizeRel|x64
		{E308CDCB-3EA2-36C1-9B58-6EAA59DCC0D5}.RelWithDebInfo|x64.ActiveCfg = RelWithDebInfo|x64
		{E308CDCB-3EA2-36C1-9B58-6EAA59DCC0D5}.RelWithDebInfo|x64.Build.0 = RelWithDebInfo|x64
		{7944DE27-8981-38CC-8AA1-953D95C3AF0F}.Debug|x64.ActiveCfg = Debug|x64
		{7944DE27-8981-38CC-8AA1-953D95C3AF0F}.Debug|x64.Build.0 = Debug|x64
		{7944DE27-8981-38CC-8AA1-953D95C3AF0F}.Release|x64.ActiveCfg = Release|x64
		{7944DE27-8981-38CC-8AA1-953D95C3AF0F}.Release|x64.Build.0 = Release|x64
		{7944DE27-8981-38CC-8AA1-953D95C3AF0F}.MinSizeRel|x64.ActiveCfg = MinSizeRel|x64
		{7944DE27-8981-38CC-8AA1-953D95C3AF0F}.MinSizeRel|x64.Build.0 = MinSizeRel|x64
		{7944DE27-8981-38CC-8AA1-953D95C3AF0F}.RelWithDebInfo|x64.ActiveCfg = RelWithDebInfo|x64
		{7944DE27-8981-38CC-8AA1-953D95C3AF0F}.RelWithDebInfo|x64.Build.0 = RelWithDebInfo|x64
		{6E095C2F-9222-334C-AAB9-AF20102A83C1}.Debug|x64.ActiveCfg = Debug|x64
		{6E095C2F-9222-334C-AAB9-AF20102A83C1}.Debug|x64.Build.0 = Debug|x64
		{6E095C2F-9222-334C-AAB9-AF20102A83C1}.Release|x64.ActiveCfg = Release|x64
		{6E095C2F-9222-334C-AAB9-AF20102A83C1}.Release|x64.Build.0 = Release|x64
		{6E095C2F-9222-334C-AAB9-AF20102A83C1}.MinSizeRel|x64.ActiveCfg = MinSizeRel|x64
		{6E095C2F-9222-334C-AAB9-AF20102A83C1}.MinSizeRel|x64.Build.0 = MinSizeRel|x64
		{6E095C2F-9222-334C-AAB9-AF20102A83C1}.RelWithDebInfo|x64.ActiveCfg = RelWithDebInfo|x64
		{6E095C2F-9222-334C-AAB9-AF20102A83C1}.RelWithDebInfo|x64.Build.0 = RelWithDebInfo|x64
		{09BB2A96-8583-3B01-BBD9-E48AED1CE609}.Debug|x64.ActiveCfg = Debug|x64
		{09BB2A96-8583-3B01-BBD9-E48AED1CE609}.Debug|x64.Build.0 = Debug|x64
		{09BB2A96-8583-3B01-BBD9-E48AED1CE609}.Release|x64.ActiveCfg = Release|x64
		{09BB2A96-8583-3B01-BBD9-E48AED1CE609}.Release|x64.Build.0 = Release|x64
		{09BB2A96-8583-3B01-BBD9-E48AED1CE609}.MinSizeRel|x64.ActiveCfg = MinSizeRel|x64
		{09BB2A96-8583-3B01-BBD9-E48AED1CE609}.MinSizeRel|x64.Build.0 = MinSizeRel|x64
		{09BB2A96-8583-3B01-BBD9-E48AED1CE609}.RelWithDebInfo|x64.ActiveCfg = RelWithDebInfo|x64
		{09BB2A96-8583-3B01-BBD9-E48AED1CE609}.RelWithDebInfo|x64.Build.0 = RelWithDebInfo|x64
		{75C96D77-A095-31E7-B159-ABECBB3E6B68}.Debug|x64.ActiveCfg = Debug|x64
		{75C96D77-A095-31E7-B159-ABECBB3E6B68}.Debug|x64.Build.0 = Debug|x64
		{75C96D77-A095-31E7-B159-ABECBB3E6B68}.Release|x64.ActiveCfg = Release|x64
		{75C96D77-A095-31E7-B159-ABECBB3E6B68}.Release|x64.Build.0 = Release|x64
		{75C96D77-A095-31E7-B159-ABECBB3E6B68}.MinSizeRel|x64.ActiveCfg = MinSizeRel|x64
		{75C96D77-A095-31E7-B159-ABECBB3E6B68}.MinSizeRel|x64.Build.0 = MinSizeRel|x64
		{75C96D77-A095-31E7-B159-ABECBB3E6B68}.RelWithDebInfo|x64.ActiveCfg = RelWithDebInfo|x64
		{75C96D77-A095-31E7-B159-ABECBB3E6B68}.RelWithDebInfo|x64.Build.0 = RelWithDebInfo|x64
	EndGlobalSection
	GlobalSection(ExtensibilityGlobals) = postSolution
		SolutionGuid = {00E63A05-848E-3CBF-9908-A3324FCE1411}
	EndGlobalSection
	GlobalSection(ExtensibilityAddIns) = postSolution
	EndGlobalSection
EndGlobal
