// !$*UTF8*$!
{
	archiveVersion = 1;
	classes = {
	};
	objectVersion = 46;
	objects = {

/* Begin PBXAggregateTarget section */
		D47ACBD4A65C4F3E9660D384 /* ALL_BUILD */ = {
			isa = PBXAggregateTarget;
			buildConfigurationList = A267227F49B340EDB95D6EEA /* Build configuration list for PBXAggregateTarget "ALL_BUILD" */;
			buildPhases = (
				D6CBDA831A9B4DCF857B7F5E /* CMake Rules */,
			);
			dependencies = (
				7BE64D77ADE14746BCAB07FB /* PBXTargetDependency */,
				1578E37860FC449EAD9BC25C /* PBXTargetDependency */,
				E5C301CF55354FB79F4BDF9D /* PBXTargetDependency */,
			);
			name = ALL_BUILD;
			productName = ALL_BUILD;
		};
		F4BABD60A25C4EE6BDEDFE83 /* ZERO_CHECK */ = {
			isa = PBXAggregateTarget;
			buildConfigurationList = 83AF372979B94D7F8BC4A790 /* Build configuration list for PBXAggregateTarget "ZERO_CHECK" */;
			buildPhases = (
				ADAAD2CA3B084EEAA524F2D9 /* CMake Rules */,
			);
			dependencies = (
			);
			name = ZERO_CHECK;
			productName = ZERO_CHECK;
		};
/* End PBXAggregateTarget section */

/* Begin PBXBuildFile section */
		01307FC8AEDC460D9F48C063 /* /Users/2y2ssn/CLionProjects/cpp/src/until/until_cpp/test_space.cpp */ = {isa = PBXBuildFile; fileRef = 4840F069E3C043B2A068275C /* /Users/2y2ssn/CLionProjects/cpp/src/until/until_cpp/test_space.cpp */; };
		0CFFED207A284F9A8B9006B7 /* /Users/2y2ssn/CLionProjects/cpp/src/etc/temp.cpp */ = {isa = PBXBuildFile; fileRef = 9D9BDF576B274EE9AE8157FD /* /Users/2y2ssn/CLionProjects/cpp/src/etc/temp.cpp */; };
		25AEF25FF66A4F0092FF549A /* /Users/2y2ssn/CLionProjects/cpp/src/until/until_cpp/project_etc.cpp */ = {isa = PBXBuildFile; fileRef = A235CBAA1EDD42AC9FB0C158 /* /Users/2y2ssn/CLionProjects/cpp/src/until/until_cpp/project_etc.cpp */; };
		343F8F6475E24188BDC6E789 /* /Users/2y2ssn/CLionProjects/cpp/src/until/until_graph/graph.cpp */ = {isa = PBXBuildFile; fileRef = 4657ED5F5F1D49C4AD6A8D4B /* /Users/2y2ssn/CLionProjects/cpp/src/until/until_graph/graph.cpp */; };
		4133A749966E439288FDF1E7 /* /Users/2y2ssn/CLionProjects/cpp/CMakeLists.txt */ = {isa = PBXBuildFile; fileRef = BDB5F9C6EC9244DD934D58C8 /* /Users/2y2ssn/CLionProjects/cpp/CMakeLists.txt */; };
		43FA6BDA4231498192428D7F /* /Users/2y2ssn/CLionProjects/cpp/src/leetcode/CMakeLists.txt */ = {isa = PBXBuildFile; fileRef = 9C16633E33624FFA9431A3DF /* /Users/2y2ssn/CLionProjects/cpp/src/leetcode/CMakeLists.txt */; };
		ABA6EE8BB01744E0B6345EFC /* /Users/2y2ssn/CLionProjects/cpp/src/main.cpp */ = {isa = PBXBuildFile; fileRef = A6EB9FAAA63C414EA6AE2A8C /* /Users/2y2ssn/CLionProjects/cpp/src/main.cpp */; };
		AE897230945340358354A94B /* /Users/2y2ssn/CLionProjects/cpp/src/leetcode/source/dice_roll.cpp */ = {isa = PBXBuildFile; fileRef = 66FF6DC278E24AEFA47D9AE9 /* /Users/2y2ssn/CLionProjects/cpp/src/leetcode/source/dice_roll.cpp */; };
		B194FDBA15754B4BA20406AB /* /Users/2y2ssn/CLionProjects/cpp/src/until/until_cpp/UnionFind.cpp */ = {isa = PBXBuildFile; fileRef = 2B27BCF3CFB146D49F2D287D /* /Users/2y2ssn/CLionProjects/cpp/src/until/until_cpp/UnionFind.cpp */; };
		C267477095E54132A5C94837 /* /Users/2y2ssn/CLionProjects/cpp/src/until/until_cpp/list.cpp */ = {isa = PBXBuildFile; fileRef = 260DEABAFFBA47DE8CE328D3 /* /Users/2y2ssn/CLionProjects/cpp/src/until/until_cpp/list.cpp */; };
		DCA2B08815DD42378A95ED30 /* /Users/2y2ssn/CLionProjects/cpp/src/leetcode/source/solution.cpp */ = {isa = PBXBuildFile; fileRef = 70982585554040BE9D84DF6C /* /Users/2y2ssn/CLionProjects/cpp/src/leetcode/source/solution.cpp */; };
		DCD29E851721409AA3F6BEE6 /* /Users/2y2ssn/CLionProjects/cpp/src/until/until_cpp/node.cpp */ = {isa = PBXBuildFile; fileRef = AA727B5F1D904C4FB4BFB39C /* /Users/2y2ssn/CLionProjects/cpp/src/until/until_cpp/node.cpp */; };
		E2DC2D7206D74D029FBA2B04 /* /Users/2y2ssn/CLionProjects/cpp/src/until/until_cpp/bfs.cpp */ = {isa = PBXBuildFile; fileRef = 1946EB4AD3204956B3A4AF68 /* /Users/2y2ssn/CLionProjects/cpp/src/until/until_cpp/bfs.cpp */; };
		F8D6188E9670420EA3AC0F9A /* /Users/2y2ssn/CLionProjects/cpp/src/until/until_cpp/dp.cpp */ = {isa = PBXBuildFile; fileRef = D71E26EC305D43A1A9E4FC6E /* /Users/2y2ssn/CLionProjects/cpp/src/until/until_cpp/dp.cpp */; };
/* End PBXBuildFile section */

/* Begin PBXBuildStyle section */
		3750DD46A5DB422A84FC2FD6 /* RelWithDebInfo */ = {
			isa = PBXBuildStyle;
			buildSettings = {
				COPY_PHASE_STRIP = NO;
			};
			name = RelWithDebInfo;
		};
		4655DB56BC1F4B0E84836A0A /* MinSizeRel */ = {
			isa = PBXBuildStyle;
			buildSettings = {
				COPY_PHASE_STRIP = NO;
			};
			name = MinSizeRel;
		};
		62F5054A25D64425A7C254F8 /* Debug */ = {
			isa = PBXBuildStyle;
			buildSettings = {
				COPY_PHASE_STRIP = NO;
			};
			name = Debug;
		};
		73EAEA4E191B4ACE8503FCAA /* Release */ = {
			isa = PBXBuildStyle;
			buildSettings = {
				COPY_PHASE_STRIP = NO;
			};
			name = Release;
		};
/* End PBXBuildStyle section */

/* Begin PBXContainerItemProxy section */
		0EFB494EE3144143B869E421 /* PBXContainerItemProxy */ = {
			isa = PBXContainerItemProxy;
			containerPortal = 5F73E7DF3410483084F97AF3 /* Project object */;
			proxyType = 1;
			remoteGlobalIDString = F4BABD60A25C4EE6BDEDFE83;
			remoteInfo = ZERO_CHECK;
		};
		2351BBCD076243FDAA25EFA6 /* PBXContainerItemProxy */ = {
			isa = PBXContainerItemProxy;
			containerPortal = 5F73E7DF3410483084F97AF3 /* Project object */;
			proxyType = 1;
			remoteGlobalIDString = F4BABD60A25C4EE6BDEDFE83;
			remoteInfo = ZERO_CHECK;
		};
		35EE882D1FFE4532B4F282CB /* PBXContainerItemProxy */ = {
			isa = PBXContainerItemProxy;
			containerPortal = 5F73E7DF3410483084F97AF3 /* Project object */;
			proxyType = 1;
			remoteGlobalIDString = 961C39E2553345158302B640;
			remoteInfo = leetcode_lib;
		};
		8E4D55F55DFC4B30A238F975 /* PBXContainerItemProxy */ = {
			isa = PBXContainerItemProxy;
			containerPortal = 5F73E7DF3410483084F97AF3 /* Project object */;
			proxyType = 1;
			remoteGlobalIDString = 961C39E2553345158302B640;
			remoteInfo = leetcode_lib;
		};
		D64C3CC399594255BD614337 /* PBXContainerItemProxy */ = {
			isa = PBXContainerItemProxy;
			containerPortal = 5F73E7DF3410483084F97AF3 /* Project object */;
			proxyType = 1;
			remoteGlobalIDString = B833E702599745A28401AB38;
			remoteInfo = cpp;
		};
/* End PBXContainerItemProxy section */

/* Begin PBXFileReference section */
		03631A464B464F7590A9DA1D /* cpp */ = {isa = PBXFileReference; explicitFileType = "compiled.mach-o.executable"; path = cpp; sourceTree = BUILT_PRODUCTS_DIR; };
		1946EB4AD3204956B3A4AF68 /* /Users/2y2ssn/CLionProjects/cpp/src/until/until_cpp/bfs.cpp */ = {isa = PBXFileReference; explicitFileType = sourcecode.cpp.cpp; fileEncoding = 4; name = bfs.cpp; path = src/until/until_cpp/bfs.cpp; sourceTree = SOURCE_ROOT; };
		260DEABAFFBA47DE8CE328D3 /* /Users/2y2ssn/CLionProjects/cpp/src/until/until_cpp/list.cpp */ = {isa = PBXFileReference; explicitFileType = sourcecode.cpp.cpp; fileEncoding = 4; name = list.cpp; path = src/until/until_cpp/list.cpp; sourceTree = SOURCE_ROOT; };
		2B27BCF3CFB146D49F2D287D /* /Users/2y2ssn/CLionProjects/cpp/src/until/until_cpp/UnionFind.cpp */ = {isa = PBXFileReference; explicitFileType = sourcecode.cpp.cpp; fileEncoding = 4; name = UnionFind.cpp; path = src/until/until_cpp/UnionFind.cpp; sourceTree = SOURCE_ROOT; };
		4657ED5F5F1D49C4AD6A8D4B /* /Users/2y2ssn/CLionProjects/cpp/src/until/until_graph/graph.cpp */ = {isa = PBXFileReference; explicitFileType = sourcecode.cpp.cpp; fileEncoding = 4; name = graph.cpp; path = src/until/until_graph/graph.cpp; sourceTree = SOURCE_ROOT; };
		4840F069E3C043B2A068275C /* /Users/2y2ssn/CLionProjects/cpp/src/until/until_cpp/test_space.cpp */ = {isa = PBXFileReference; explicitFileType = sourcecode.cpp.cpp; fileEncoding = 4; name = test_space.cpp; path = src/until/until_cpp/test_space.cpp; sourceTree = SOURCE_ROOT; };
		66FF6DC278E24AEFA47D9AE9 /* /Users/2y2ssn/CLionProjects/cpp/src/leetcode/source/dice_roll.cpp */ = {isa = PBXFileReference; explicitFileType = sourcecode.cpp.cpp; fileEncoding = 4; name = dice_roll.cpp; path = src/leetcode/source/dice_roll.cpp; sourceTree = SOURCE_ROOT; };
		70982585554040BE9D84DF6C /* /Users/2y2ssn/CLionProjects/cpp/src/leetcode/source/solution.cpp */ = {isa = PBXFileReference; explicitFileType = sourcecode.cpp.cpp; fileEncoding = 4; name = solution.cpp; path = src/leetcode/source/solution.cpp; sourceTree = SOURCE_ROOT; };
		856664AF97DE4D9DA05E9C80 /* /Users/2y2ssn/CLionProjects/cpp/CMakeLists.txt */ = {isa = PBXFileReference; explicitFileType = sourcecode.text; fileEncoding = 4; name = CMakeLists.txt; path = CMakeLists.txt; sourceTree = SOURCE_ROOT; };
		9C16633E33624FFA9431A3DF /* /Users/2y2ssn/CLionProjects/cpp/src/leetcode/CMakeLists.txt */ = {isa = PBXFileReference; explicitFileType = sourcecode.text; fileEncoding = 4; name = CMakeLists.txt; path = src/leetcode/CMakeLists.txt; sourceTree = SOURCE_ROOT; };
		9D9BDF576B274EE9AE8157FD /* /Users/2y2ssn/CLionProjects/cpp/src/etc/temp.cpp */ = {isa = PBXFileReference; explicitFileType = sourcecode.cpp.cpp; fileEncoding = 4; name = temp.cpp; path = src/etc/temp.cpp; sourceTree = SOURCE_ROOT; };
		A235CBAA1EDD42AC9FB0C158 /* /Users/2y2ssn/CLionProjects/cpp/src/until/until_cpp/project_etc.cpp */ = {isa = PBXFileReference; explicitFileType = sourcecode.cpp.cpp; fileEncoding = 4; name = project_etc.cpp; path = src/until/until_cpp/project_etc.cpp; sourceTree = SOURCE_ROOT; };
		A6EB9FAAA63C414EA6AE2A8C /* /Users/2y2ssn/CLionProjects/cpp/src/main.cpp */ = {isa = PBXFileReference; explicitFileType = sourcecode.cpp.cpp; fileEncoding = 4; name = main.cpp; path = src/main.cpp; sourceTree = SOURCE_ROOT; };
		AA727B5F1D904C4FB4BFB39C /* /Users/2y2ssn/CLionProjects/cpp/src/until/until_cpp/node.cpp */ = {isa = PBXFileReference; explicitFileType = sourcecode.cpp.cpp; fileEncoding = 4; name = node.cpp; path = src/until/until_cpp/node.cpp; sourceTree = SOURCE_ROOT; };
		B0719F9F64784F8893062DB0 /* leetcode_lib */ = {isa = PBXFileReference; explicitFileType = archive.ar; path = libleetcode_lib.a; sourceTree = BUILT_PRODUCTS_DIR; };
		BDB5F9C6EC9244DD934D58C8 /* /Users/2y2ssn/CLionProjects/cpp/CMakeLists.txt */ = {isa = PBXFileReference; explicitFileType = sourcecode.text; fileEncoding = 4; name = CMakeLists.txt; path = CMakeLists.txt; sourceTree = SOURCE_ROOT; };
		D71E26EC305D43A1A9E4FC6E /* /Users/2y2ssn/CLionProjects/cpp/src/until/until_cpp/dp.cpp */ = {isa = PBXFileReference; explicitFileType = sourcecode.cpp.cpp; fileEncoding = 4; name = dp.cpp; path = src/until/until_cpp/dp.cpp; sourceTree = SOURCE_ROOT; };
/* End PBXFileReference section */

/* Begin PBXGroup section */
		34C124C0C55D4A5B824A964F /* leetcode_lib */ = {
			isa = PBXGroup;
			children = (
				75B0773703784F06A1F13E90 /* Source Files */,
				9C16633E33624FFA9431A3DF /* /Users/2y2ssn/CLionProjects/cpp/src/leetcode/CMakeLists.txt */,
			);
			name = leetcode_lib;
			sourceTree = "<group>";
		};
		38DAF99E11744A0AB7318A48 = {
			isa = PBXGroup;
			children = (
				A2C9624441BF4217859A8080 /* cpp */,
				57FB401DCB38427DBDA0D50F /* ALL_BUILD */,
				34C124C0C55D4A5B824A964F /* leetcode_lib */,
				3FB2A520ADBF4911B2F79238 /* Products */,
			);
			sourceTree = "<group>";
		};
		3FB2A520ADBF4911B2F79238 /* Products */ = {
			isa = PBXGroup;
			children = (
				03631A464B464F7590A9DA1D /* cpp */,
				B0719F9F64784F8893062DB0 /* leetcode_lib */,
			);
			name = Products;
			sourceTree = "<group>";
		};
		57FB401DCB38427DBDA0D50F /* ALL_BUILD */ = {
			isa = PBXGroup;
			children = (
				FDF92F6335FB44F8B805555F /* CMake Rules */,
				856664AF97DE4D9DA05E9C80 /* /Users/2y2ssn/CLionProjects/cpp/CMakeLists.txt */,
			);
			name = ALL_BUILD;
			sourceTree = "<group>";
		};
		75B0773703784F06A1F13E90 /* Source Files */ = {
			isa = PBXGroup;
			children = (
				66FF6DC278E24AEFA47D9AE9 /* /Users/2y2ssn/CLionProjects/cpp/src/leetcode/source/dice_roll.cpp */,
				70982585554040BE9D84DF6C /* /Users/2y2ssn/CLionProjects/cpp/src/leetcode/source/solution.cpp */,
			);
			name = "Source Files";
			sourceTree = "<group>";
		};
		A2C9624441BF4217859A8080 /* cpp */ = {
			isa = PBXGroup;
			children = (
				AAE231ADF56A4E91B7E9DA75 /* Source Files */,
				BDB5F9C6EC9244DD934D58C8 /* /Users/2y2ssn/CLionProjects/cpp/CMakeLists.txt */,
			);
			name = cpp;
			sourceTree = "<group>";
		};
		AAE231ADF56A4E91B7E9DA75 /* Source Files */ = {
			isa = PBXGroup;
			children = (
				9D9BDF576B274EE9AE8157FD /* /Users/2y2ssn/CLionProjects/cpp/src/etc/temp.cpp */,
				A6EB9FAAA63C414EA6AE2A8C /* /Users/2y2ssn/CLionProjects/cpp/src/main.cpp */,
				2B27BCF3CFB146D49F2D287D /* /Users/2y2ssn/CLionProjects/cpp/src/until/until_cpp/UnionFind.cpp */,
				1946EB4AD3204956B3A4AF68 /* /Users/2y2ssn/CLionProjects/cpp/src/until/until_cpp/bfs.cpp */,
				D71E26EC305D43A1A9E4FC6E /* /Users/2y2ssn/CLionProjects/cpp/src/until/until_cpp/dp.cpp */,
				260DEABAFFBA47DE8CE328D3 /* /Users/2y2ssn/CLionProjects/cpp/src/until/until_cpp/list.cpp */,
				AA727B5F1D904C4FB4BFB39C /* /Users/2y2ssn/CLionProjects/cpp/src/until/until_cpp/node.cpp */,
				A235CBAA1EDD42AC9FB0C158 /* /Users/2y2ssn/CLionProjects/cpp/src/until/until_cpp/project_etc.cpp */,
				4840F069E3C043B2A068275C /* /Users/2y2ssn/CLionProjects/cpp/src/until/until_cpp/test_space.cpp */,
				4657ED5F5F1D49C4AD6A8D4B /* /Users/2y2ssn/CLionProjects/cpp/src/until/until_graph/graph.cpp */,
			);
			name = "Source Files";
			sourceTree = "<group>";
		};
		FDF92F6335FB44F8B805555F /* CMake Rules */ = {
			isa = PBXGroup;
			children = (
			);
			name = "CMake Rules";
			sourceTree = "<group>";
		};
/* End PBXGroup section */

/* Begin PBXNativeTarget section */
		961C39E2553345158302B640 /* leetcode_lib */ = {
			isa = PBXNativeTarget;
			buildConfigurationList = 4614B36A4F574EBE9A59A285 /* Build configuration list for PBXNativeTarget "leetcode_lib" */;
			buildPhases = (
				8140A3585BCC45BF831DCFE3 /* Sources */,
			);
			buildRules = (
			);
			dependencies = (
			);
			name = leetcode_lib;
			productName = leetcode_lib;
			productReference = B0719F9F64784F8893062DB0 /* leetcode_lib */;
			productType = "com.apple.product-type.library.static";
		};
		B833E702599745A28401AB38 /* cpp */ = {
			isa = PBXNativeTarget;
			buildConfigurationList = D323C92E8D3445AEA7EBE584 /* Build configuration list for PBXNativeTarget "cpp" */;
			buildPhases = (
				C1CAB28B8FE948448705A0CE /* Sources */,
			);
			buildRules = (
			);
			dependencies = (
				C5CC6480511D4781B28BC166 /* PBXTargetDependency */,
				F11870CC06DD43AE988F38B9 /* PBXTargetDependency */,
			);
			name = cpp;
			productName = cpp;
			productReference = 03631A464B464F7590A9DA1D /* cpp */;
			productType = "com.apple.product-type.tool";
		};
/* End PBXNativeTarget section */

/* Begin PBXProject section */
		5F73E7DF3410483084F97AF3 /* Project object */ = {
			isa = PBXProject;
			attributes = {
				BuildIndependentTargetsInParallel = YES;
				LastUpgradeCheck = 1160;
			};
			buildConfigurationList = 6B7EA6BFF02F4123ABFC9541 /* Build configuration list for PBXProject "cpp" */;
			buildSettings = {
			};
			buildStyles = (
				62F5054A25D64425A7C254F8 /* Debug */,
				73EAEA4E191B4ACE8503FCAA /* Release */,
				4655DB56BC1F4B0E84836A0A /* MinSizeRel */,
				3750DD46A5DB422A84FC2FD6 /* RelWithDebInfo */,
			);
			compatibilityVersion = "Xcode 3.2";
			hasScannedForEncodings = 0;
			mainGroup = 38DAF99E11744A0AB7318A48;
			projectDirPath = ../;
			projectRoot = "";
			targets = (
				D47ACBD4A65C4F3E9660D384 /* ALL_BUILD */,
				F4BABD60A25C4EE6BDEDFE83 /* ZERO_CHECK */,
				B833E702599745A28401AB38 /* cpp */,
				961C39E2553345158302B640 /* leetcode_lib */,
			);
		};
/* End PBXProject section */

/* Begin PBXShellScriptBuildPhase section */
		3CC004DECA664F53A0B617C9 = {
			isa = PBXShellScriptBuildPhase;
			buildActionMask = 2147483647;
			files = (
			);
			inputPaths = (
			);
			outputPaths = (
			);
			runOnlyForDeploymentPostprocessing = 0;
			shellPath = /bin/sh;
			shellScript = "# shell script goes here
exit 0";
			showEnvVarsInLog = 0;
		};
		ADAAD2CA3B084EEAA524F2D9 /* CMake Rules */ = {
			isa = PBXShellScriptBuildPhase;
			buildActionMask = 2147483647;
			files = (
			);
			name = "CMake Rules";
			runOnlyForDeploymentPostprocessing = 0;
			shellPath = /bin/sh;
			shellScript = "make -C /Users/2y2ssn/CLionProjects/cpp/cpp_build_Xcode -f /Users/2y2ssn/CLionProjects/cpp/cpp_build_Xcode/CMakeScripts/ZERO_CHECK_cmakeRulesBuildPhase.make$CONFIGURATION OBJDIR=$(basename \"$OBJECT_FILE_DIR_normal\") all";
			showEnvVarsInLog = 0;
		};
		D6CBDA831A9B4DCF857B7F5E /* CMake Rules */ = {
			isa = PBXShellScriptBuildPhase;
			buildActionMask = 2147483647;
			files = (
			);
			name = "CMake Rules";
			runOnlyForDeploymentPostprocessing = 0;
			shellPath = /bin/sh;
			shellScript = "make -C /Users/2y2ssn/CLionProjects/cpp/cpp_build_Xcode -f /Users/2y2ssn/CLionProjects/cpp/cpp_build_Xcode/CMakeScripts/ALL_BUILD_cmakeRulesBuildPhase.make$CONFIGURATION OBJDIR=$(basename \"$OBJECT_FILE_DIR_normal\") all";
			showEnvVarsInLog = 0;
		};
		DC81033205C54A9DAEA46608 = {
			isa = PBXShellScriptBuildPhase;
			buildActionMask = 2147483647;
			files = (
			);
			inputPaths = (
			);
			outputPaths = (
			);
			runOnlyForDeploymentPostprocessing = 0;
			shellPath = /bin/sh;
			shellScript = "# shell script goes here
exit 0";
			showEnvVarsInLog = 0;
		};
/* End PBXShellScriptBuildPhase section */

/* Begin PBXSourcesBuildPhase section */
		8140A3585BCC45BF831DCFE3 /* Sources */ = {
			isa = PBXSourcesBuildPhase;
			buildActionMask = 2147483647;
			files = (
				AE897230945340358354A94B /* /Users/2y2ssn/CLionProjects/cpp/src/leetcode/source/dice_roll.cpp */,
				DCA2B08815DD42378A95ED30 /* /Users/2y2ssn/CLionProjects/cpp/src/leetcode/source/solution.cpp */,
			);
			runOnlyForDeploymentPostprocessing = 0;
		};
		C1CAB28B8FE948448705A0CE /* Sources */ = {
			isa = PBXSourcesBuildPhase;
			buildActionMask = 2147483647;
			files = (
				0CFFED207A284F9A8B9006B7 /* /Users/2y2ssn/CLionProjects/cpp/src/etc/temp.cpp */,
				ABA6EE8BB01744E0B6345EFC /* /Users/2y2ssn/CLionProjects/cpp/src/main.cpp */,
				B194FDBA15754B4BA20406AB /* /Users/2y2ssn/CLionProjects/cpp/src/until/until_cpp/UnionFind.cpp */,
				E2DC2D7206D74D029FBA2B04 /* /Users/2y2ssn/CLionProjects/cpp/src/until/until_cpp/bfs.cpp */,
				F8D6188E9670420EA3AC0F9A /* /Users/2y2ssn/CLionProjects/cpp/src/until/until_cpp/dp.cpp */,
				C267477095E54132A5C94837 /* /Users/2y2ssn/CLionProjects/cpp/src/until/until_cpp/list.cpp */,
				DCD29E851721409AA3F6BEE6 /* /Users/2y2ssn/CLionProjects/cpp/src/until/until_cpp/node.cpp */,
				25AEF25FF66A4F0092FF549A /* /Users/2y2ssn/CLionProjects/cpp/src/until/until_cpp/project_etc.cpp */,
				01307FC8AEDC460D9F48C063 /* /Users/2y2ssn/CLionProjects/cpp/src/until/until_cpp/test_space.cpp */,
				343F8F6475E24188BDC6E789 /* /Users/2y2ssn/CLionProjects/cpp/src/until/until_graph/graph.cpp */,
			);
			runOnlyForDeploymentPostprocessing = 0;
		};
/* End PBXSourcesBuildPhase section */

/* Begin PBXTargetDependency section */
		1578E37860FC449EAD9BC25C /* PBXTargetDependency */ = {
			isa = PBXTargetDependency;
			target = B833E702599745A28401AB38 /* cpp */;
			targetProxy = D64C3CC399594255BD614337 /* PBXContainerItemProxy */;
		};
		7BE64D77ADE14746BCAB07FB /* PBXTargetDependency */ = {
			isa = PBXTargetDependency;
			target = F4BABD60A25C4EE6BDEDFE83 /* ZERO_CHECK */;
			targetProxy = 0EFB494EE3144143B869E421 /* PBXContainerItemProxy */;
		};
		C5CC6480511D4781B28BC166 /* PBXTargetDependency */ = {
			isa = PBXTargetDependency;
			target = F4BABD60A25C4EE6BDEDFE83 /* ZERO_CHECK */;
			targetProxy = 2351BBCD076243FDAA25EFA6 /* PBXContainerItemProxy */;
		};
		E5C301CF55354FB79F4BDF9D /* PBXTargetDependency */ = {
			isa = PBXTargetDependency;
			target = 961C39E2553345158302B640 /* leetcode_lib */;
			targetProxy = 35EE882D1FFE4532B4F282CB /* PBXContainerItemProxy */;
		};
		F11870CC06DD43AE988F38B9 /* PBXTargetDependency */ = {
			isa = PBXTargetDependency;
			target = 961C39E2553345158302B640 /* leetcode_lib */;
			targetProxy = 8E4D55F55DFC4B30A238F975 /* PBXContainerItemProxy */;
		};
/* End PBXTargetDependency section */

/* Begin XCBuildConfiguration section */
		2156A6FB4AAF4310BC4CC02B /* MinSizeRel */ = {
			isa = XCBuildConfiguration;
			buildSettings = {
				COMBINE_HIDPI_IMAGES = YES;
				EXECUTABLE_PREFIX = lib;
				EXECUTABLE_SUFFIX = .a;
				GCC_GENERATE_DEBUGGING_SYMBOLS = NO;
				GCC_INLINES_ARE_PRIVATE_EXTERN = NO;
				GCC_OPTIMIZATION_LEVEL = s;
				GCC_PREPROCESSOR_DEFINITIONS = ("'CMAKE_INTDIR=\"$(CONFIGURATION)$(EFFECTIVE_PLATFORM_NAME)\"'");
				GCC_SYMBOLS_PRIVATE_EXTERN = NO;
				HEADER_SEARCH_PATHS = (/Users/2y2ssn/CLionProjects/cpp/.,/Users/2y2ssn/CLionProjects/cpp/src/until,/Users/2y2ssn/CLionProjects/cpp/src/until/until_cpp,/Users/2y2ssn/CLionProjects/cpp/src/until/until_graph,/Users/2y2ssn/CLionProjects/cpp/src/until/until_header,/Users/2y2ssn/CLionProjects/cpp/src/etc,/Users/2y2ssn/CLionProjects/cpp/src/leetcode/include);
				INSTALL_PATH = "";
				LIBRARY_STYLE = STATIC;
				OTHER_CPLUSPLUSFLAGS = "    -DNDEBUG '-std=gnu++14' ";
				OTHER_LIBTOOLFLAGS = " ";
				OTHER_REZFLAGS = "";
				PRODUCT_NAME = leetcode_lib;
				SECTORDER_FLAGS = "";
				SYMROOT = /Users/2y2ssn/CLionProjects/cpp/cpp_build_Xcode/src/leetcode;
				USE_HEADERMAP = NO;
				WARNING_CFLAGS = ("$(inherited)");
			};
			name = MinSizeRel;
		};
		21FB1E4676854647B0E3BABC /* Debug */ = {
			isa = XCBuildConfiguration;
			buildSettings = {
				COMBINE_HIDPI_IMAGES = YES;
				EXECUTABLE_PREFIX = "";
				EXECUTABLE_SUFFIX = "";
				GCC_GENERATE_DEBUGGING_SYMBOLS = YES;
				GCC_INLINES_ARE_PRIVATE_EXTERN = NO;
				GCC_OPTIMIZATION_LEVEL = 0;
				GCC_PREPROCESSOR_DEFINITIONS = ("'CMAKE_INTDIR=\"$(CONFIGURATION)$(EFFECTIVE_PLATFORM_NAME)\"'");
				GCC_SYMBOLS_PRIVATE_EXTERN = NO;
				HEADER_SEARCH_PATHS = (/Users/2y2ssn/CLionProjects/cpp/.,/Users/2y2ssn/CLionProjects/cpp/src/until,/Users/2y2ssn/CLionProjects/cpp/src/until/until_cpp,/Users/2y2ssn/CLionProjects/cpp/src/until/until_graph,/Users/2y2ssn/CLionProjects/cpp/src/until/until_header,/Users/2y2ssn/CLionProjects/cpp/src/etc,/Users/2y2ssn/CLionProjects/cpp/src/leetcode/include);
				INSTALL_PATH = "";
				LIBRARY_SEARCH_PATHS = "";
				OTHER_CPLUSPLUSFLAGS = "   '-std=gnu++14' ";
				OTHER_LDFLAGS = " -Wl,-search_paths_first -Wl,-headerpad_max_install_names  /Users/2y2ssn/CLionProjects/cpp/cpp_build_Xcode/src/leetcode/Debug/libleetcode_lib.a";
				OTHER_REZFLAGS = "";
				PRODUCT_NAME = cpp;
				SECTORDER_FLAGS = "";
				SYMROOT = /Users/2y2ssn/CLionProjects/cpp/cpp_build_Xcode;
				USE_HEADERMAP = NO;
				WARNING_CFLAGS = ("$(inherited)");
			};
			name = Debug;
		};
		3ECDA859539C4375BB4776A7 /* Release */ = {
			isa = XCBuildConfiguration;
			buildSettings = {
				COMBINE_HIDPI_IMAGES = YES;
				EXECUTABLE_PREFIX = "";
				EXECUTABLE_SUFFIX = "";
				GCC_GENERATE_DEBUGGING_SYMBOLS = NO;
				GCC_INLINES_ARE_PRIVATE_EXTERN = NO;
				GCC_OPTIMIZATION_LEVEL = 3;
				GCC_PREPROCESSOR_DEFINITIONS = ("'CMAKE_INTDIR=\"$(CONFIGURATION)$(EFFECTIVE_PLATFORM_NAME)\"'");
				GCC_SYMBOLS_PRIVATE_EXTERN = NO;
				HEADER_SEARCH_PATHS = (/Users/2y2ssn/CLionProjects/cpp/.,/Users/2y2ssn/CLionProjects/cpp/src/until,/Users/2y2ssn/CLionProjects/cpp/src/until/until_cpp,/Users/2y2ssn/CLionProjects/cpp/src/until/until_graph,/Users/2y2ssn/CLionProjects/cpp/src/until/until_header,/Users/2y2ssn/CLionProjects/cpp/src/etc,/Users/2y2ssn/CLionProjects/cpp/src/leetcode/include);
				INSTALL_PATH = "";
				LIBRARY_SEARCH_PATHS = "";
				OTHER_CPLUSPLUSFLAGS = "    -DNDEBUG '-std=gnu++14' ";
				OTHER_LDFLAGS = " -Wl,-search_paths_first -Wl,-headerpad_max_install_names  /Users/2y2ssn/CLionProjects/cpp/cpp_build_Xcode/src/leetcode/Release/libleetcode_lib.a";
				OTHER_REZFLAGS = "";
				PRODUCT_NAME = cpp;
				SECTORDER_FLAGS = "";
				SYMROOT = /Users/2y2ssn/CLionProjects/cpp/cpp_build_Xcode;
				USE_HEADERMAP = NO;
				WARNING_CFLAGS = ("$(inherited)");
			};
			name = Release;
		};
		450139EE284842E6927E7770 /* Release */ = {
			isa = XCBuildConfiguration;
			buildSettings = {
				COMBINE_HIDPI_IMAGES = YES;
				EXECUTABLE_PREFIX = lib;
				EXECUTABLE_SUFFIX = .a;
				GCC_GENERATE_DEBUGGING_SYMBOLS = NO;
				GCC_INLINES_ARE_PRIVATE_EXTERN = NO;
				GCC_OPTIMIZATION_LEVEL = 3;
				GCC_PREPROCESSOR_DEFINITIONS = ("'CMAKE_INTDIR=\"$(CONFIGURATION)$(EFFECTIVE_PLATFORM_NAME)\"'");
				GCC_SYMBOLS_PRIVATE_EXTERN = NO;
				HEADER_SEARCH_PATHS = (/Users/2y2ssn/CLionProjects/cpp/.,/Users/2y2ssn/CLionProjects/cpp/src/until,/Users/2y2ssn/CLionProjects/cpp/src/until/until_cpp,/Users/2y2ssn/CLionProjects/cpp/src/until/until_graph,/Users/2y2ssn/CLionProjects/cpp/src/until/until_header,/Users/2y2ssn/CLionProjects/cpp/src/etc,/Users/2y2ssn/CLionProjects/cpp/src/leetcode/include);
				INSTALL_PATH = "";
				LIBRARY_STYLE = STATIC;
				OTHER_CPLUSPLUSFLAGS = "    -DNDEBUG '-std=gnu++14' ";
				OTHER_LIBTOOLFLAGS = " ";
				OTHER_REZFLAGS = "";
				PRODUCT_NAME = leetcode_lib;
				SECTORDER_FLAGS = "";
				SYMROOT = /Users/2y2ssn/CLionProjects/cpp/cpp_build_Xcode/src/leetcode;
				USE_HEADERMAP = NO;
				WARNING_CFLAGS = ("$(inherited)");
			};
			name = Release;
		};
		4C722C6EE1014F2A900EB97B /* MinSizeRel */ = {
			isa = XCBuildConfiguration;
			buildSettings = {
				COMBINE_HIDPI_IMAGES = YES;
				GCC_GENERATE_DEBUGGING_SYMBOLS = YES;
				GCC_INLINES_ARE_PRIVATE_EXTERN = NO;
				GCC_OPTIMIZATION_LEVEL = 0;
				GCC_PREPROCESSOR_DEFINITIONS = ("'CMAKE_INTDIR=\"$(CONFIGURATION)$(EFFECTIVE_PLATFORM_NAME)\"'");
				GCC_SYMBOLS_PRIVATE_EXTERN = NO;
				INSTALL_PATH = "";
				OTHER_LDFLAGS = " ";
				OTHER_REZFLAGS = "";
				PRODUCT_NAME = ALL_BUILD;
				SECTORDER_FLAGS = "";
				SYMROOT = /Users/2y2ssn/CLionProjects/cpp/cpp_build_Xcode;
				USE_HEADERMAP = NO;
				WARNING_CFLAGS = ("$(inherited)");
			};
			name = MinSizeRel;
		};
		592B8D81535B4BFB958AE38B /* Debug */ = {
			isa = XCBuildConfiguration;
			buildSettings = {
				COMBINE_HIDPI_IMAGES = YES;
				EXECUTABLE_PREFIX = lib;
				EXECUTABLE_SUFFIX = .a;
				GCC_GENERATE_DEBUGGING_SYMBOLS = YES;
				GCC_INLINES_ARE_PRIVATE_EXTERN = NO;
				GCC_OPTIMIZATION_LEVEL = 0;
				GCC_PREPROCESSOR_DEFINITIONS = ("'CMAKE_INTDIR=\"$(CONFIGURATION)$(EFFECTIVE_PLATFORM_NAME)\"'");
				GCC_SYMBOLS_PRIVATE_EXTERN = NO;
				HEADER_SEARCH_PATHS = (/Users/2y2ssn/CLionProjects/cpp/.,/Users/2y2ssn/CLionProjects/cpp/src/until,/Users/2y2ssn/CLionProjects/cpp/src/until/until_cpp,/Users/2y2ssn/CLionProjects/cpp/src/until/until_graph,/Users/2y2ssn/CLionProjects/cpp/src/until/until_header,/Users/2y2ssn/CLionProjects/cpp/src/etc,/Users/2y2ssn/CLionProjects/cpp/src/leetcode/include);
				INSTALL_PATH = "";
				LIBRARY_STYLE = STATIC;
				OTHER_CPLUSPLUSFLAGS = "   '-std=gnu++14' ";
				OTHER_LIBTOOLFLAGS = " ";
				OTHER_REZFLAGS = "";
				PRODUCT_NAME = leetcode_lib;
				SECTORDER_FLAGS = "";
				SYMROOT = /Users/2y2ssn/CLionProjects/cpp/cpp_build_Xcode/src/leetcode;
				USE_HEADERMAP = NO;
				WARNING_CFLAGS = ("$(inherited)");
			};
			name = Debug;
		};
		69D06133DDDF4EFE979E54DE /* RelWithDebInfo */ = {
			isa = XCBuildConfiguration;
			buildSettings = {
				COMBINE_HIDPI_IMAGES = YES;
				EXECUTABLE_PREFIX = lib;
				EXECUTABLE_SUFFIX = .a;
				GCC_GENERATE_DEBUGGING_SYMBOLS = YES;
				GCC_INLINES_ARE_PRIVATE_EXTERN = NO;
				GCC_OPTIMIZATION_LEVEL = 2;
				GCC_PREPROCESSOR_DEFINITIONS = ("'CMAKE_INTDIR=\"$(CONFIGURATION)$(EFFECTIVE_PLATFORM_NAME)\"'");
				GCC_SYMBOLS_PRIVATE_EXTERN = NO;
				HEADER_SEARCH_PATHS = (/Users/2y2ssn/CLionProjects/cpp/.,/Users/2y2ssn/CLionProjects/cpp/src/until,/Users/2y2ssn/CLionProjects/cpp/src/until/until_cpp,/Users/2y2ssn/CLionProjects/cpp/src/until/until_graph,/Users/2y2ssn/CLionProjects/cpp/src/until/until_header,/Users/2y2ssn/CLionProjects/cpp/src/etc,/Users/2y2ssn/CLionProjects/cpp/src/leetcode/include);
				INSTALL_PATH = "";
				LIBRARY_STYLE = STATIC;
				OTHER_CPLUSPLUSFLAGS = "       -DNDEBUG '-std=gnu++14' ";
				OTHER_LIBTOOLFLAGS = " ";
				OTHER_REZFLAGS = "";
				PRODUCT_NAME = leetcode_lib;
				SECTORDER_FLAGS = "";
				SYMROOT = /Users/2y2ssn/CLionProjects/cpp/cpp_build_Xcode/src/leetcode;
				USE_HEADERMAP = NO;
				WARNING_CFLAGS = ("$(inherited)");
			};
			name = RelWithDebInfo;
		};
		8D483CE2C5CE4D16A0223EA6 /* Debug */ = {
			isa = XCBuildConfiguration;
			buildSettings = {
				COMBINE_HIDPI_IMAGES = YES;
				GCC_GENERATE_DEBUGGING_SYMBOLS = YES;
				GCC_INLINES_ARE_PRIVATE_EXTERN = NO;
				GCC_OPTIMIZATION_LEVEL = 0;
				GCC_PREPROCESSOR_DEFINITIONS = ("'CMAKE_INTDIR=\"$(CONFIGURATION)$(EFFECTIVE_PLATFORM_NAME)\"'");
				GCC_SYMBOLS_PRIVATE_EXTERN = NO;
				INSTALL_PATH = "";
				OTHER_LDFLAGS = " ";
				OTHER_REZFLAGS = "";
				PRODUCT_NAME = ZERO_CHECK;
				SECTORDER_FLAGS = "";
				SYMROOT = /Users/2y2ssn/CLionProjects/cpp/cpp_build_Xcode;
				USE_HEADERMAP = NO;
				WARNING_CFLAGS = ("$(inherited)");
			};
			name = Debug;
		};
		92A06C138659462B916F3E33 /* RelWithDebInfo */ = {
			isa = XCBuildConfiguration;
			buildSettings = {
				COMBINE_HIDPI_IMAGES = YES;
				GCC_GENERATE_DEBUGGING_SYMBOLS = YES;
				GCC_INLINES_ARE_PRIVATE_EXTERN = NO;
				GCC_OPTIMIZATION_LEVEL = 0;
				GCC_PREPROCESSOR_DEFINITIONS = ("'CMAKE_INTDIR=\"$(CONFIGURATION)$(EFFECTIVE_PLATFORM_NAME)\"'");
				GCC_SYMBOLS_PRIVATE_EXTERN = NO;
				INSTALL_PATH = "";
				OTHER_LDFLAGS = " ";
				OTHER_REZFLAGS = "";
				PRODUCT_NAME = ALL_BUILD;
				SECTORDER_FLAGS = "";
				SYMROOT = /Users/2y2ssn/CLionProjects/cpp/cpp_build_Xcode;
				USE_HEADERMAP = NO;
				WARNING_CFLAGS = ("$(inherited)");
			};
			name = RelWithDebInfo;
		};
		9E4B74B04B69434D947FC1E6 /* MinSizeRel */ = {
			isa = XCBuildConfiguration;
			buildSettings = {
				COMBINE_HIDPI_IMAGES = YES;
				GCC_GENERATE_DEBUGGING_SYMBOLS = YES;
				GCC_INLINES_ARE_PRIVATE_EXTERN = NO;
				GCC_OPTIMIZATION_LEVEL = 0;
				GCC_PREPROCESSOR_DEFINITIONS = ("'CMAKE_INTDIR=\"$(CONFIGURATION)$(EFFECTIVE_PLATFORM_NAME)\"'");
				GCC_SYMBOLS_PRIVATE_EXTERN = NO;
				INSTALL_PATH = "";
				OTHER_LDFLAGS = " ";
				OTHER_REZFLAGS = "";
				PRODUCT_NAME = ZERO_CHECK;
				SECTORDER_FLAGS = "";
				SYMROOT = /Users/2y2ssn/CLionProjects/cpp/cpp_build_Xcode;
				USE_HEADERMAP = NO;
				WARNING_CFLAGS = ("$(inherited)");
			};
			name = MinSizeRel;
		};
		A4FE682717104B608EB66B73 /* Debug */ = {
			isa = XCBuildConfiguration;
			buildSettings = {
				ARCHS = "$(NATIVE_ARCH_ACTUAL)";
				ONLY_ACTIVE_ARCH = YES;
				SDKROOT = /Applications/Xcode.app/Contents/Developer/Platforms/MacOSX.platform/Developer/SDKs/MacOSX10.15.sdk;
				SYMROOT = /Users/2y2ssn/CLionProjects/cpp/cpp_build_Xcode/build;
			};
			name = Debug;
		};
		B0719EFC634F44B1B8AA168C /* RelWithDebInfo */ = {
			isa = XCBuildConfiguration;
			buildSettings = {
				COMBINE_HIDPI_IMAGES = YES;
				EXECUTABLE_PREFIX = "";
				EXECUTABLE_SUFFIX = "";
				GCC_GENERATE_DEBUGGING_SYMBOLS = YES;
				GCC_INLINES_ARE_PRIVATE_EXTERN = NO;
				GCC_OPTIMIZATION_LEVEL = 2;
				GCC_PREPROCESSOR_DEFINITIONS = ("'CMAKE_INTDIR=\"$(CONFIGURATION)$(EFFECTIVE_PLATFORM_NAME)\"'");
				GCC_SYMBOLS_PRIVATE_EXTERN = NO;
				HEADER_SEARCH_PATHS = (/Users/2y2ssn/CLionProjects/cpp/.,/Users/2y2ssn/CLionProjects/cpp/src/until,/Users/2y2ssn/CLionProjects/cpp/src/until/until_cpp,/Users/2y2ssn/CLionProjects/cpp/src/until/until_graph,/Users/2y2ssn/CLionProjects/cpp/src/until/until_header,/Users/2y2ssn/CLionProjects/cpp/src/etc,/Users/2y2ssn/CLionProjects/cpp/src/leetcode/include);
				INSTALL_PATH = "";
				LIBRARY_SEARCH_PATHS = "";
				OTHER_CPLUSPLUSFLAGS = "       -DNDEBUG '-std=gnu++14' ";
				OTHER_LDFLAGS = " -Wl,-search_paths_first -Wl,-headerpad_max_install_names  /Users/2y2ssn/CLionProjects/cpp/cpp_build_Xcode/src/leetcode/RelWithDebInfo/libleetcode_lib.a";
				OTHER_REZFLAGS = "";
				PRODUCT_NAME = cpp;
				SECTORDER_FLAGS = "";
				SYMROOT = /Users/2y2ssn/CLionProjects/cpp/cpp_build_Xcode;
				USE_HEADERMAP = NO;
				WARNING_CFLAGS = ("$(inherited)");
			};
			name = RelWithDebInfo;
		};
		BB6B83FF1AAD4FA0BA4CF9A3 /* Release */ = {
			isa = XCBuildConfiguration;
			buildSettings = {
				COMBINE_HIDPI_IMAGES = YES;
				GCC_GENERATE_DEBUGGING_SYMBOLS = YES;
				GCC_INLINES_ARE_PRIVATE_EXTERN = NO;
				GCC_OPTIMIZATION_LEVEL = 0;
				GCC_PREPROCESSOR_DEFINITIONS = ("'CMAKE_INTDIR=\"$(CONFIGURATION)$(EFFECTIVE_PLATFORM_NAME)\"'");
				GCC_SYMBOLS_PRIVATE_EXTERN = NO;
				INSTALL_PATH = "";
				OTHER_LDFLAGS = " ";
				OTHER_REZFLAGS = "";
				PRODUCT_NAME = ZERO_CHECK;
				SECTORDER_FLAGS = "";
				SYMROOT = /Users/2y2ssn/CLionProjects/cpp/cpp_build_Xcode;
				USE_HEADERMAP = NO;
				WARNING_CFLAGS = ("$(inherited)");
			};
			name = Release;
		};
		C1E65DACF2B14969B10AB2EA /* MinSizeRel */ = {
			isa = XCBuildConfiguration;
			buildSettings = {
				COMBINE_HIDPI_IMAGES = YES;
				EXECUTABLE_PREFIX = "";
				EXECUTABLE_SUFFIX = "";
				GCC_GENERATE_DEBUGGING_SYMBOLS = NO;
				GCC_INLINES_ARE_PRIVATE_EXTERN = NO;
				GCC_OPTIMIZATION_LEVEL = s;
				GCC_PREPROCESSOR_DEFINITIONS = ("'CMAKE_INTDIR=\"$(CONFIGURATION)$(EFFECTIVE_PLATFORM_NAME)\"'");
				GCC_SYMBOLS_PRIVATE_EXTERN = NO;
				HEADER_SEARCH_PATHS = (/Users/2y2ssn/CLionProjects/cpp/.,/Users/2y2ssn/CLionProjects/cpp/src/until,/Users/2y2ssn/CLionProjects/cpp/src/until/until_cpp,/Users/2y2ssn/CLionProjects/cpp/src/until/until_graph,/Users/2y2ssn/CLionProjects/cpp/src/until/until_header,/Users/2y2ssn/CLionProjects/cpp/src/etc,/Users/2y2ssn/CLionProjects/cpp/src/leetcode/include);
				INSTALL_PATH = "";
				LIBRARY_SEARCH_PATHS = "";
				OTHER_CPLUSPLUSFLAGS = "    -DNDEBUG '-std=gnu++14' ";
				OTHER_LDFLAGS = " -Wl,-search_paths_first -Wl,-headerpad_max_install_names  /Users/2y2ssn/CLionProjects/cpp/cpp_build_Xcode/src/leetcode/MinSizeRel/libleetcode_lib.a";
				OTHER_REZFLAGS = "";
				PRODUCT_NAME = cpp;
				SECTORDER_FLAGS = "";
				SYMROOT = /Users/2y2ssn/CLionProjects/cpp/cpp_build_Xcode;
				USE_HEADERMAP = NO;
				WARNING_CFLAGS = ("$(inherited)");
			};
			name = MinSizeRel;
		};
		D46ADCF09B59457196B7C19D /* Debug */ = {
			isa = XCBuildConfiguration;
			buildSettings = {
				COMBINE_HIDPI_IMAGES = YES;
				GCC_GENERATE_DEBUGGING_SYMBOLS = YES;
				GCC_INLINES_ARE_PRIVATE_EXTERN = NO;
				GCC_OPTIMIZATION_LEVEL = 0;
				GCC_PREPROCESSOR_DEFINITIONS = ("'CMAKE_INTDIR=\"$(CONFIGURATION)$(EFFECTIVE_PLATFORM_NAME)\"'");
				GCC_SYMBOLS_PRIVATE_EXTERN = NO;
				INSTALL_PATH = "";
				OTHER_LDFLAGS = " ";
				OTHER_REZFLAGS = "";
				PRODUCT_NAME = ALL_BUILD;
				SECTORDER_FLAGS = "";
				SYMROOT = /Users/2y2ssn/CLionProjects/cpp/cpp_build_Xcode;
				USE_HEADERMAP = NO;
				WARNING_CFLAGS = ("$(inherited)");
			};
			name = Debug;
		};
		DE17D501312849918CB9FAD0 /* Release */ = {
			isa = XCBuildConfiguration;
			buildSettings = {
				COMBINE_HIDPI_IMAGES = YES;
				GCC_GENERATE_DEBUGGING_SYMBOLS = YES;
				GCC_INLINES_ARE_PRIVATE_EXTERN = NO;
				GCC_OPTIMIZATION_LEVEL = 0;
				GCC_PREPROCESSOR_DEFINITIONS = ("'CMAKE_INTDIR=\"$(CONFIGURATION)$(EFFECTIVE_PLATFORM_NAME)\"'");
				GCC_SYMBOLS_PRIVATE_EXTERN = NO;
				INSTALL_PATH = "";
				OTHER_LDFLAGS = " ";
				OTHER_REZFLAGS = "";
				PRODUCT_NAME = ALL_BUILD;
				SECTORDER_FLAGS = "";
				SYMROOT = /Users/2y2ssn/CLionProjects/cpp/cpp_build_Xcode;
				USE_HEADERMAP = NO;
				WARNING_CFLAGS = ("$(inherited)");
			};
			name = Release;
		};
		E6EC0E8AEB2949B9AD78C3F8 /* MinSizeRel */ = {
			isa = XCBuildConfiguration;
			buildSettings = {
				ARCHS = "$(NATIVE_ARCH_ACTUAL)";
				ONLY_ACTIVE_ARCH = YES;
				SDKROOT = /Applications/Xcode.app/Contents/Developer/Platforms/MacOSX.platform/Developer/SDKs/MacOSX10.15.sdk;
				SYMROOT = /Users/2y2ssn/CLionProjects/cpp/cpp_build_Xcode/build;
			};
			name = MinSizeRel;
		};
		F0B8502BCDF3435A86EBECDA /* Release */ = {
			isa = XCBuildConfiguration;
			buildSettings = {
				ARCHS = "$(NATIVE_ARCH_ACTUAL)";
				ONLY_ACTIVE_ARCH = YES;
				SDKROOT = /Applications/Xcode.app/Contents/Developer/Platforms/MacOSX.platform/Developer/SDKs/MacOSX10.15.sdk;
				SYMROOT = /Users/2y2ssn/CLionProjects/cpp/cpp_build_Xcode/build;
			};
			name = Release;
		};
		F21A3C46AFFE4D46BE0FC697 /* RelWithDebInfo */ = {
			isa = XCBuildConfiguration;
			buildSettings = {
				ARCHS = "$(NATIVE_ARCH_ACTUAL)";
				ONLY_ACTIVE_ARCH = YES;
				SDKROOT = /Applications/Xcode.app/Contents/Developer/Platforms/MacOSX.platform/Developer/SDKs/MacOSX10.15.sdk;
				SYMROOT = /Users/2y2ssn/CLionProjects/cpp/cpp_build_Xcode/build;
			};
			name = RelWithDebInfo;
		};
		FD9220F4B7474EA58DC955D0 /* RelWithDebInfo */ = {
			isa = XCBuildConfiguration;
			buildSettings = {
				COMBINE_HIDPI_IMAGES = YES;
				GCC_GENERATE_DEBUGGING_SYMBOLS = YES;
				GCC_INLINES_ARE_PRIVATE_EXTERN = NO;
				GCC_OPTIMIZATION_LEVEL = 0;
				GCC_PREPROCESSOR_DEFINITIONS = ("'CMAKE_INTDIR=\"$(CONFIGURATION)$(EFFECTIVE_PLATFORM_NAME)\"'");
				GCC_SYMBOLS_PRIVATE_EXTERN = NO;
				INSTALL_PATH = "";
				OTHER_LDFLAGS = " ";
				OTHER_REZFLAGS = "";
				PRODUCT_NAME = ZERO_CHECK;
				SECTORDER_FLAGS = "";
				SYMROOT = /Users/2y2ssn/CLionProjects/cpp/cpp_build_Xcode;
				USE_HEADERMAP = NO;
				WARNING_CFLAGS = ("$(inherited)");
			};
			name = RelWithDebInfo;
		};
/* End XCBuildConfiguration section */

/* Begin XCConfigurationList section */
		4614B36A4F574EBE9A59A285 /* Build configuration list for PBXNativeTarget "leetcode_lib" */ = {
			isa = XCConfigurationList;
			buildConfigurations = (
				592B8D81535B4BFB958AE38B /* Debug */,
				450139EE284842E6927E7770 /* Release */,
				2156A6FB4AAF4310BC4CC02B /* MinSizeRel */,
				69D06133DDDF4EFE979E54DE /* RelWithDebInfo */,
			);
			defaultConfigurationIsVisible = 0;
			defaultConfigurationName = Debug;
		};
		6B7EA6BFF02F4123ABFC9541 /* Build configuration list for PBXProject "cpp" */ = {
			isa = XCConfigurationList;
			buildConfigurations = (
				A4FE682717104B608EB66B73 /* Debug */,
				F0B8502BCDF3435A86EBECDA /* Release */,
				E6EC0E8AEB2949B9AD78C3F8 /* MinSizeRel */,
				F21A3C46AFFE4D46BE0FC697 /* RelWithDebInfo */,
			);
			defaultConfigurationIsVisible = 0;
			defaultConfigurationName = Debug;
		};
		83AF372979B94D7F8BC4A790 /* Build configuration list for PBXAggregateTarget "ZERO_CHECK" */ = {
			isa = XCConfigurationList;
			buildConfigurations = (
				8D483CE2C5CE4D16A0223EA6 /* Debug */,
				BB6B83FF1AAD4FA0BA4CF9A3 /* Release */,
				9E4B74B04B69434D947FC1E6 /* MinSizeRel */,
				FD9220F4B7474EA58DC955D0 /* RelWithDebInfo */,
			);
			defaultConfigurationIsVisible = 0;
			defaultConfigurationName = Debug;
		};
		A267227F49B340EDB95D6EEA /* Build configuration list for PBXAggregateTarget "ALL_BUILD" */ = {
			isa = XCConfigurationList;
			buildConfigurations = (
				D46ADCF09B59457196B7C19D /* Debug */,
				DE17D501312849918CB9FAD0 /* Release */,
				4C722C6EE1014F2A900EB97B /* MinSizeRel */,
				92A06C138659462B916F3E33 /* RelWithDebInfo */,
			);
			defaultConfigurationIsVisible = 0;
			defaultConfigurationName = Debug;
		};
		D323C92E8D3445AEA7EBE584 /* Build configuration list for PBXNativeTarget "cpp" */ = {
			isa = XCConfigurationList;
			buildConfigurations = (
				21FB1E4676854647B0E3BABC /* Debug */,
				3ECDA859539C4375BB4776A7 /* Release */,
				C1E65DACF2B14969B10AB2EA /* MinSizeRel */,
				B0719EFC634F44B1B8AA168C /* RelWithDebInfo */,
			);
			defaultConfigurationIsVisible = 0;
			defaultConfigurationName = Debug;
		};
/* End XCConfigurationList section */
	};
	rootObject = 5F73E7DF3410483084F97AF3 /* Project object */;
}
