<?xml version="1.0" encoding="UTF-8"?>
<CodeBlocks_project_file>
	<FileVersion major="1" minor="6"/>
	<Project>
		<Option title="cpp"/>
		<Option makefile_is_custom="1"/>
		<Option compiler="gcc"/>
		<Option virtualFolders="CMake Files\;CMake Files\src\;CMake Files\src\leetcode\;CMake Files\src\until\;CMake Files\src\etc\;CMake Files\src\test\;"/>
		<Build>
			<Target title="all">
				<Option working_dir="/home/toy/CLionProjects/cpp/linux_build"/>
				<Option type="4"/>
				<MakeCommands>
					<Build command="/usr/bin/gmake -f &quot;/home/toy/CLionProjects/cpp/linux_build/Makefile&quot;  VERBOSE=1 all"/>
					<CompileFile command="/usr/bin/gmake -f &quot;/home/toy/CLionProjects/cpp/linux_build/Makefile&quot;  VERBOSE=1 &quot;$file&quot;"/>
					<Clean command="/usr/bin/gmake -f &quot;/home/toy/CLionProjects/cpp/linux_build/Makefile&quot;  VERBOSE=1 clean"/>
					<DistClean command="/usr/bin/gmake -f &quot;/home/toy/CLionProjects/cpp/linux_build/Makefile&quot;  VERBOSE=1 clean"/>
				</MakeCommands>
			</Target>
			<Target title="rebuild_cache">
				<Option working_dir="/home/toy/CLionProjects/cpp/linux_build"/>
				<Option type="4"/>
				<MakeCommands>
					<Build command="/usr/bin/gmake -f &quot;/home/toy/CLionProjects/cpp/linux_build/Makefile&quot;  VERBOSE=1 rebuild_cache"/>
					<CompileFile command="/usr/bin/gmake -f &quot;/home/toy/CLionProjects/cpp/linux_build/Makefile&quot;  VERBOSE=1 &quot;$file&quot;"/>
					<Clean command="/usr/bin/gmake -f &quot;/home/toy/CLionProjects/cpp/linux_build/Makefile&quot;  VERBOSE=1 clean"/>
					<DistClean command="/usr/bin/gmake -f &quot;/home/toy/CLionProjects/cpp/linux_build/Makefile&quot;  VERBOSE=1 clean"/>
				</MakeCommands>
			</Target>
			<Target title="edit_cache">
				<Option working_dir="/home/toy/CLionProjects/cpp/linux_build"/>
				<Option type="4"/>
				<MakeCommands>
					<Build command="/usr/bin/gmake -f &quot;/home/toy/CLionProjects/cpp/linux_build/Makefile&quot;  VERBOSE=1 edit_cache"/>
					<CompileFile command="/usr/bin/gmake -f &quot;/home/toy/CLionProjects/cpp/linux_build/Makefile&quot;  VERBOSE=1 &quot;$file&quot;"/>
					<Clean command="/usr/bin/gmake -f &quot;/home/toy/CLionProjects/cpp/linux_build/Makefile&quot;  VERBOSE=1 clean"/>
					<DistClean command="/usr/bin/gmake -f &quot;/home/toy/CLionProjects/cpp/linux_build/Makefile&quot;  VERBOSE=1 clean"/>
				</MakeCommands>
			</Target>
			<Target title="cpp">
				<Option output="/home/toy/CLionProjects/cpp/linux_build/cpp" prefix_auto="0" extension_auto="0"/>
				<Option working_dir="/home/toy/CLionProjects/cpp/linux_build"/>
				<Option object_output="./"/>
				<Option type="1"/>
				<Option compiler="gcc"/>
				<Compiler>
					<Add directory="/home/toy/CLionProjects/cpp/linux_build"/>
					<Add directory="/home/toy/CLionProjects/cpp/src/test"/>
					<Add directory="/home/toy/CLionProjects/cpp/src/leetcode/include"/>
					<Add directory="/home/toy/CLionProjects/cpp/src/until/include"/>
					<Add directory="/home/toy/CLionProjects/cpp/src/etc/include"/>
				</Compiler>
				<MakeCommands>
					<Build command="/usr/bin/gmake -f &quot;/home/toy/CLionProjects/cpp/linux_build/Makefile&quot;  VERBOSE=1 cpp"/>
					<CompileFile command="/usr/bin/gmake -f &quot;/home/toy/CLionProjects/cpp/linux_build/Makefile&quot;  VERBOSE=1 &quot;$file&quot;"/>
					<Clean command="/usr/bin/gmake -f &quot;/home/toy/CLionProjects/cpp/linux_build/Makefile&quot;  VERBOSE=1 clean"/>
					<DistClean command="/usr/bin/gmake -f &quot;/home/toy/CLionProjects/cpp/linux_build/Makefile&quot;  VERBOSE=1 clean"/>
				</MakeCommands>
			</Target>
			<Target title="cpp/fast">
				<Option output="/home/toy/CLionProjects/cpp/linux_build/cpp" prefix_auto="0" extension_auto="0"/>
				<Option working_dir="/home/toy/CLionProjects/cpp/linux_build"/>
				<Option object_output="./"/>
				<Option type="1"/>
				<Option compiler="gcc"/>
				<Compiler>
					<Add directory="/home/toy/CLionProjects/cpp/linux_build"/>
					<Add directory="/home/toy/CLionProjects/cpp/src/test"/>
					<Add directory="/home/toy/CLionProjects/cpp/src/leetcode/include"/>
					<Add directory="/home/toy/CLionProjects/cpp/src/until/include"/>
					<Add directory="/home/toy/CLionProjects/cpp/src/etc/include"/>
				</Compiler>
				<MakeCommands>
					<Build command="/usr/bin/gmake -f &quot;/home/toy/CLionProjects/cpp/linux_build/Makefile&quot;  VERBOSE=1 cpp/fast"/>
					<CompileFile command="/usr/bin/gmake -f &quot;/home/toy/CLionProjects/cpp/linux_build/Makefile&quot;  VERBOSE=1 &quot;$file&quot;"/>
					<Clean command="/usr/bin/gmake -f &quot;/home/toy/CLionProjects/cpp/linux_build/Makefile&quot;  VERBOSE=1 clean"/>
					<DistClean command="/usr/bin/gmake -f &quot;/home/toy/CLionProjects/cpp/linux_build/Makefile&quot;  VERBOSE=1 clean"/>
				</MakeCommands>
			</Target>
			<Target title="leetcode_lib">
				<Option output="/home/toy/CLionProjects/cpp/linux_build/src/leetcode/libleetcode_lib.a" prefix_auto="0" extension_auto="0"/>
				<Option working_dir="/home/toy/CLionProjects/cpp/linux_build/src/leetcode"/>
				<Option object_output="./"/>
				<Option type="2"/>
				<Option compiler="gcc"/>
				<Compiler>
					<Add directory="/home/toy/CLionProjects/cpp/src/leetcode/include"/>
				</Compiler>
				<MakeCommands>
					<Build command="/usr/bin/gmake -f &quot;/home/toy/CLionProjects/cpp/linux_build/src/leetcode/Makefile&quot;  VERBOSE=1 leetcode_lib"/>
					<CompileFile command="/usr/bin/gmake -f &quot;/home/toy/CLionProjects/cpp/linux_build/src/leetcode/Makefile&quot;  VERBOSE=1 &quot;$file&quot;"/>
					<Clean command="/usr/bin/gmake -f &quot;/home/toy/CLionProjects/cpp/linux_build/src/leetcode/Makefile&quot;  VERBOSE=1 clean"/>
					<DistClean command="/usr/bin/gmake -f &quot;/home/toy/CLionProjects/cpp/linux_build/src/leetcode/Makefile&quot;  VERBOSE=1 clean"/>
				</MakeCommands>
			</Target>
			<Target title="leetcode_lib/fast">
				<Option output="/home/toy/CLionProjects/cpp/linux_build/src/leetcode/libleetcode_lib.a" prefix_auto="0" extension_auto="0"/>
				<Option working_dir="/home/toy/CLionProjects/cpp/linux_build/src/leetcode"/>
				<Option object_output="./"/>
				<Option type="2"/>
				<Option compiler="gcc"/>
				<Compiler>
					<Add directory="/home/toy/CLionProjects/cpp/src/leetcode/include"/>
				</Compiler>
				<MakeCommands>
					<Build command="/usr/bin/gmake -f &quot;/home/toy/CLionProjects/cpp/linux_build/src/leetcode/Makefile&quot;  VERBOSE=1 leetcode_lib/fast"/>
					<CompileFile command="/usr/bin/gmake -f &quot;/home/toy/CLionProjects/cpp/linux_build/src/leetcode/Makefile&quot;  VERBOSE=1 &quot;$file&quot;"/>
					<Clean command="/usr/bin/gmake -f &quot;/home/toy/CLionProjects/cpp/linux_build/src/leetcode/Makefile&quot;  VERBOSE=1 clean"/>
					<DistClean command="/usr/bin/gmake -f &quot;/home/toy/CLionProjects/cpp/linux_build/src/leetcode/Makefile&quot;  VERBOSE=1 clean"/>
				</MakeCommands>
			</Target>
			<Target title="until_lib">
				<Option output="/home/toy/CLionProjects/cpp/linux_build/src/until/libuntil_lib.a" prefix_auto="0" extension_auto="0"/>
				<Option working_dir="/home/toy/CLionProjects/cpp/linux_build/src/until"/>
				<Option object_output="./"/>
				<Option type="2"/>
				<Option compiler="gcc"/>
				<Compiler>
					<Add directory="/home/toy/CLionProjects/cpp/src/until/include"/>
				</Compiler>
				<MakeCommands>
					<Build command="/usr/bin/gmake -f &quot;/home/toy/CLionProjects/cpp/linux_build/src/until/Makefile&quot;  VERBOSE=1 until_lib"/>
					<CompileFile command="/usr/bin/gmake -f &quot;/home/toy/CLionProjects/cpp/linux_build/src/until/Makefile&quot;  VERBOSE=1 &quot;$file&quot;"/>
					<Clean command="/usr/bin/gmake -f &quot;/home/toy/CLionProjects/cpp/linux_build/src/until/Makefile&quot;  VERBOSE=1 clean"/>
					<DistClean command="/usr/bin/gmake -f &quot;/home/toy/CLionProjects/cpp/linux_build/src/until/Makefile&quot;  VERBOSE=1 clean"/>
				</MakeCommands>
			</Target>
			<Target title="until_lib/fast">
				<Option output="/home/toy/CLionProjects/cpp/linux_build/src/until/libuntil_lib.a" prefix_auto="0" extension_auto="0"/>
				<Option working_dir="/home/toy/CLionProjects/cpp/linux_build/src/until"/>
				<Option object_output="./"/>
				<Option type="2"/>
				<Option compiler="gcc"/>
				<Compiler>
					<Add directory="/home/toy/CLionProjects/cpp/src/until/include"/>
				</Compiler>
				<MakeCommands>
					<Build command="/usr/bin/gmake -f &quot;/home/toy/CLionProjects/cpp/linux_build/src/until/Makefile&quot;  VERBOSE=1 until_lib/fast"/>
					<CompileFile command="/usr/bin/gmake -f &quot;/home/toy/CLionProjects/cpp/linux_build/src/until/Makefile&quot;  VERBOSE=1 &quot;$file&quot;"/>
					<Clean command="/usr/bin/gmake -f &quot;/home/toy/CLionProjects/cpp/linux_build/src/until/Makefile&quot;  VERBOSE=1 clean"/>
					<DistClean command="/usr/bin/gmake -f &quot;/home/toy/CLionProjects/cpp/linux_build/src/until/Makefile&quot;  VERBOSE=1 clean"/>
				</MakeCommands>
			</Target>
			<Target title="etc_lib">
				<Option output="/home/toy/CLionProjects/cpp/linux_build/src/etc/libetc_lib.a" prefix_auto="0" extension_auto="0"/>
				<Option working_dir="/home/toy/CLionProjects/cpp/linux_build/src/etc"/>
				<Option object_output="./"/>
				<Option type="2"/>
				<Option compiler="gcc"/>
				<Compiler>
					<Add directory="/home/toy/CLionProjects/cpp/src/etc/include"/>
				</Compiler>
				<MakeCommands>
					<Build command="/usr/bin/gmake -f &quot;/home/toy/CLionProjects/cpp/linux_build/src/etc/Makefile&quot;  VERBOSE=1 etc_lib"/>
					<CompileFile command="/usr/bin/gmake -f &quot;/home/toy/CLionProjects/cpp/linux_build/src/etc/Makefile&quot;  VERBOSE=1 &quot;$file&quot;"/>
					<Clean command="/usr/bin/gmake -f &quot;/home/toy/CLionProjects/cpp/linux_build/src/etc/Makefile&quot;  VERBOSE=1 clean"/>
					<DistClean command="/usr/bin/gmake -f &quot;/home/toy/CLionProjects/cpp/linux_build/src/etc/Makefile&quot;  VERBOSE=1 clean"/>
				</MakeCommands>
			</Target>
			<Target title="etc_lib/fast">
				<Option output="/home/toy/CLionProjects/cpp/linux_build/src/etc/libetc_lib.a" prefix_auto="0" extension_auto="0"/>
				<Option working_dir="/home/toy/CLionProjects/cpp/linux_build/src/etc"/>
				<Option object_output="./"/>
				<Option type="2"/>
				<Option compiler="gcc"/>
				<Compiler>
					<Add directory="/home/toy/CLionProjects/cpp/src/etc/include"/>
				</Compiler>
				<MakeCommands>
					<Build command="/usr/bin/gmake -f &quot;/home/toy/CLionProjects/cpp/linux_build/src/etc/Makefile&quot;  VERBOSE=1 etc_lib/fast"/>
					<CompileFile command="/usr/bin/gmake -f &quot;/home/toy/CLionProjects/cpp/linux_build/src/etc/Makefile&quot;  VERBOSE=1 &quot;$file&quot;"/>
					<Clean command="/usr/bin/gmake -f &quot;/home/toy/CLionProjects/cpp/linux_build/src/etc/Makefile&quot;  VERBOSE=1 clean"/>
					<DistClean command="/usr/bin/gmake -f &quot;/home/toy/CLionProjects/cpp/linux_build/src/etc/Makefile&quot;  VERBOSE=1 clean"/>
				</MakeCommands>
			</Target>
			<Target title="test_lib">
				<Option output="/home/toy/CLionProjects/cpp/linux_build/src/test/libtest_lib.a" prefix_auto="0" extension_auto="0"/>
				<Option working_dir="/home/toy/CLionProjects/cpp/linux_build/src/test"/>
				<Option object_output="./"/>
				<Option type="2"/>
				<Option compiler="gcc"/>
				<Compiler/>
				<MakeCommands>
					<Build command="/usr/bin/gmake -f &quot;/home/toy/CLionProjects/cpp/linux_build/src/test/Makefile&quot;  VERBOSE=1 test_lib"/>
					<CompileFile command="/usr/bin/gmake -f &quot;/home/toy/CLionProjects/cpp/linux_build/src/test/Makefile&quot;  VERBOSE=1 &quot;$file&quot;"/>
					<Clean command="/usr/bin/gmake -f &quot;/home/toy/CLionProjects/cpp/linux_build/src/test/Makefile&quot;  VERBOSE=1 clean"/>
					<DistClean command="/usr/bin/gmake -f &quot;/home/toy/CLionProjects/cpp/linux_build/src/test/Makefile&quot;  VERBOSE=1 clean"/>
				</MakeCommands>
			</Target>
			<Target title="test_lib/fast">
				<Option output="/home/toy/CLionProjects/cpp/linux_build/src/test/libtest_lib.a" prefix_auto="0" extension_auto="0"/>
				<Option working_dir="/home/toy/CLionProjects/cpp/linux_build/src/test"/>
				<Option object_output="./"/>
				<Option type="2"/>
				<Option compiler="gcc"/>
				<Compiler/>
				<MakeCommands>
					<Build command="/usr/bin/gmake -f &quot;/home/toy/CLionProjects/cpp/linux_build/src/test/Makefile&quot;  VERBOSE=1 test_lib/fast"/>
					<CompileFile command="/usr/bin/gmake -f &quot;/home/toy/CLionProjects/cpp/linux_build/src/test/Makefile&quot;  VERBOSE=1 &quot;$file&quot;"/>
					<Clean command="/usr/bin/gmake -f &quot;/home/toy/CLionProjects/cpp/linux_build/src/test/Makefile&quot;  VERBOSE=1 clean"/>
					<DistClean command="/usr/bin/gmake -f &quot;/home/toy/CLionProjects/cpp/linux_build/src/test/Makefile&quot;  VERBOSE=1 clean"/>
				</MakeCommands>
			</Target>
		</Build>
		<Unit filename="/home/toy/CLionProjects/cpp/src/etc/source/temp.cpp">
			<Option target="etc_lib"/>
		</Unit>
		<Unit filename="/home/toy/CLionProjects/cpp/src/leetcode/source/dice_roll.cpp">
			<Option target="leetcode_lib"/>
		</Unit>
		<Unit filename="/home/toy/CLionProjects/cpp/src/leetcode/source/solution.cpp">
			<Option target="leetcode_lib"/>
		</Unit>
		<Unit filename="/home/toy/CLionProjects/cpp/src/main.cpp">
			<Option target="cpp"/>
		</Unit>
		<Unit filename="/home/toy/CLionProjects/cpp/src/test/test.cpp">
			<Option target="test_lib"/>
		</Unit>
		<Unit filename="/home/toy/CLionProjects/cpp/src/test/test.h">
			<Option target="test_lib"/>
		</Unit>
		<Unit filename="/home/toy/CLionProjects/cpp/src/until/source/UnionFind.cpp">
			<Option target="until_lib"/>
		</Unit>
		<Unit filename="/home/toy/CLionProjects/cpp/src/until/source/bfs.cpp">
			<Option target="until_lib"/>
		</Unit>
		<Unit filename="/home/toy/CLionProjects/cpp/src/until/source/binary_tree.cpp">
			<Option target="until_lib"/>
		</Unit>
		<Unit filename="/home/toy/CLionProjects/cpp/src/until/source/dp.cpp">
			<Option target="until_lib"/>
		</Unit>
		<Unit filename="/home/toy/CLionProjects/cpp/src/until/source/graph.cpp">
			<Option target="until_lib"/>
		</Unit>
		<Unit filename="/home/toy/CLionProjects/cpp/src/until/source/list.cpp">
			<Option target="until_lib"/>
		</Unit>
		<Unit filename="/home/toy/CLionProjects/cpp/src/until/source/node.cpp">
			<Option target="until_lib"/>
		</Unit>
		<Unit filename="/home/toy/CLionProjects/cpp/src/until/source/test_space.cpp">
			<Option target="until_lib"/>
		</Unit>
		<Unit filename="/home/toy/CLionProjects/cpp/src/until/source/tree_node.cpp">
			<Option target="until_lib"/>
		</Unit>
		<Unit filename="/home/toy/CLionProjects/cpp/CMakeLists.txt">
			<Option virtualFolder="CMake Files\"/>
		</Unit>
		<Unit filename="/home/toy/CLionProjects/cpp/cppConfig.h.in">
			<Option virtualFolder="CMake Files\"/>
		</Unit>
		<Unit filename="/home/toy/CLionProjects/cpp/src/leetcode/CMakeLists.txt">
			<Option virtualFolder="CMake Files\src\leetcode\"/>
		</Unit>
		<Unit filename="/home/toy/CLionProjects/cpp/src/until/CMakeLists.txt">
			<Option virtualFolder="CMake Files\src\until\"/>
		</Unit>
		<Unit filename="/home/toy/CLionProjects/cpp/src/etc/CMakeLists.txt">
			<Option virtualFolder="CMake Files\src\etc\"/>
		</Unit>
		<Unit filename="/home/toy/CLionProjects/cpp/src/test/CMakeLists.txt">
			<Option virtualFolder="CMake Files\src\test\"/>
		</Unit>
	</Project>
</CodeBlocks_project_file>
